
Microsoft Visual Studio Solution File, Format Version 12.00
# Visual Studio Version 17
VisualStudioVersion = 17.5.2.0
MinimumVisualStudioVersion = 10.0.40219.1
Project("{FAE04EC0-301F-11D3-BF4B-00C04F79EFBC}") = "BlazorApp1", "BlazorApp1.csproj", "{49BA0810-CF63-BACD-9969-F34D5336499D}"
EndProject
Project("{FAE04EC0-301F-11D3-BF4B-00C04F79EFBC}") = "BlazorApp1.Tests", "BlazorApp1.Tests\BlazorApp1.Tests.csproj", "{8103B8B6-309D-4220-8181-42BDAD42BB93}"
EndProject
Global
	GlobalSection(SolutionConfigurationPlatforms) = preSolution
		Debug|Any CPU = Debug|Any CPU
		Debug|x64 = Debug|x64
		Debug|x86 = Debug|x86
		Release|Any CPU = Release|Any CPU
		Release|x64 = Release|x64
		Release|x86 = Release|x86
	EndGlobalSection
	GlobalSection(ProjectConfigurationPlatforms) = postSolution
		{49BA0810-CF63-BACD-9969-F34D5336499D}.Debug|Any CPU.ActiveCfg = Debug|Any CPU
		{49BA0810-CF63-BACD-9969-F34D5336499D}.Debug|Any CPU.Build.0 = Debug|Any CPU
		{49BA0810-CF63-BACD-9969-F34D5336499D}.Debug|x64.ActiveCfg = Debug|Any CPU
		{49BA0810-CF63-BACD-9969-F34D5336499D}.Debug|x64.Build.0 = Debug|Any CPU
		{49BA0810-CF63-BACD-9969-F34D5336499D}.Debug|x86.ActiveCfg = Debug|Any CPU
		{49BA0810-CF63-BACD-9969-F34D5336499D}.Debug|x86.Build.0 = Debug|Any CPU
		{49BA0810-CF63-BACD-9969-F34D5336499D}.Release|Any CPU.ActiveCfg = Release|Any CPU
		{49BA0810-CF63-BACD-9969-F34D5336499D}.Release|Any CPU.Build.0 = Release|Any CPU
		{49BA0810-CF63-BACD-9969-F34D5336499D}.Release|x64.ActiveCfg = Release|Any CPU
		{49BA0810-CF63-BACD-9969-F34D5336499D}.Release|x64.Build.0 = Release|Any CPU
		{49BA0810-CF63-BACD-9969-F34D5336499D}.Release|x86.ActiveCfg = Release|Any CPU
		{49BA0810-CF63-BACD-9969-F34D5336499D}.Release|x86.Build.0 = Release|Any CPU
		{8103B8B6-309D-4220-8181-42BDAD42BB93}.Debug|Any CPU.ActiveCfg = Debug|Any CPU
		{8103B8B6-309D-4220-8181-42BDAD42BB93}.Debug|Any CPU.Build.0 = Debug|Any CPU
		{8103B8B6-309D-4220-8181-42BDAD42BB93}.Debug|x64.ActiveCfg = Debug|Any CPU
		{8103B8B6-309D-4220-8181-42BDAD42BB93}.Debug|x64.Build.0 = Debug|Any CPU
		{8103B8B6-309D-4220-8181-42BDAD42BB93}.Debug|x86.ActiveCfg = Debug|Any CPU
		{8103B8B6-309D-4220-8181-42BDAD42BB93}.Debug|x86.Build.0 = Debug|Any CPU
		{8103B8B6-309D-4220-8181-42BDAD42BB93}.Release|Any CPU.ActiveCfg = Release|Any CPU
		{8103B8B6-309D-4220-8181-42BDAD42BB93}.Release|Any CPU.Build.0 = Release|Any CPU
		{8103B8B6-309D-4220-8181-42BDAD42BB93}.Release|x64.ActiveCfg = Release|Any CPU
		{8103B8B6-309D-4220-8181-42BDAD42BB93}.Release|x64.Build.0 = Release|Any CPU
		{8103B8B6-309D-4220-8181-42BDAD42BB93}.Release|x86.ActiveCfg = Release|Any CPU
		{8103B8B6-309D-4220-8181-42BDAD42BB93}.Release|x86.Build.0 = Release|Any CPU
	EndGlobalSection
	GlobalSection(SolutionProperties) = preSolution
		HideSolutionNode = FALSE
	EndGlobalSection
	GlobalSection(ExtensibilityGlobals) = postSolution
		SolutionGuid = {4F605EE3-67CE-4305-A072-4173FCE840AD}
	EndGlobalSection
EndGlobal
